
Microsoft Visual Studio Solution File, Format Version 12.00
# Visual Studio Version 18
VisualStudioVersion = 18.3.11426.168
MinimumVisualStudioVersion = 10.0.40219.1
Project("{FAE04EC0-301F-11D3-BF4B-00C04F79EFBC}") = "Talent.Domain.Shared", "src\Library\Domain.Shared\Talent.Domain.Shared.csproj", "{A97D7331-8DE5-4614-AA3B-F94906C21B96}"
EndProject
Project("{FAE04EC0-301F-11D3-BF4B-00C04F79EFBC}") = "Talent.Domain", "src\Library\Domain\Talent.Domain.csproj", "{44CF8501-E10C-477A-BBEA-57060BE7D4D2}"
EndProject
Project("{FAE04EC0-301F-11D3-BF4B-00C04F79EFBC}") = "Talent.Application", "src\Library\Application\Talent.Application.csproj", "{CD2E83E7-040C-48F4-8287-750BF4AB672C}"
EndProject
Project("{FAE04EC0-301F-11D3-BF4B-00C04F79EFBC}") = "Talent.Application.Contracts", "src\Library\Application.Contracts\Talent.Application.Contracts.csproj", "{95FEDD5A-26DB-4CAA-9DF4-E79FCBD7C1D4}"
EndProject
Project("{FAE04EC0-301F-11D3-BF4B-00C04F79EFBC}") = "Talent.EfCore", "src\Library\EfCore\Talent.EfCore.csproj", "{E4E9B116-C73F-4E36-8693-E1E55AC31036}"
EndProject
Project("{FAE04EC0-301F-11D3-BF4B-00C04F79EFBC}") = "Talent.Infrastructure", "src\Library\Infrastructure\Talent.Infrastructure.csproj", "{21B40DD0-A792-4FB6-B813-D8283C2F3311}"
EndProject
Project("{2150E333-8FDC-42A3-9474-1A3956D46DE8}") = "src", "src", "{0AE3A083-FEF7-4FD0-B229-C51EE60AAFD7}"
EndProject
Project("{FAE04EC0-301F-11D3-BF4B-00C04F79EFBC}") = "Talent.Api", "src\Talent.API\Talent.Api.csproj", "{2CD10172-0764-C3D9-C29F-AD5757366643}"
EndProject
Project("{2150E333-8FDC-42A3-9474-1A3956D46DE8}") = "Presentation", "Presentation", "{4A031474-87EE-4B45-9AFF-EFCAA2ADCA5F}"
EndProject
Project("{FAE04EC0-301F-11D3-BF4B-00C04F79EFBC}") = "Talent.Identity", "src\Presentation\Identity\Talent.Identity.csproj", "{637818B9-B651-4013-86CE-4B8D38B58BA7}"
EndProject
Project("{FAE04EC0-301F-11D3-BF4B-00C04F79EFBC}") = "Talent.Admin", "src\Presentation\Admin\Talent.Admin.csproj", "{CB482F6B-3BD7-2BB6-177B-9639FA314CDB}"
EndProject
Project("{2150E333-8FDC-42A3-9474-1A3956D46DE8}") = "Library", "Library", "{8953C2AA-3E87-4C05-B56E-EE71032AE30A}"
EndProject
Project("{FAE04EC0-301F-11D3-BF4B-00C04F79EFBC}") = "Talent.ApiClient", "Talent.ApiClient\Talent.ApiClient.csproj", "{9B7EC909-BB00-41EA-A29D-6180C1F3DA30}"
EndProject
Project("{FAE04EC0-301F-11D3-BF4B-00C04F79EFBC}") = "Talent.Candidate", "src\Presentation\Candidate\Talent.Candidate.csproj", "{3C5AEC88-BF21-2443-D8BB-73A4B947C18B}"
EndProject
Global
	GlobalSection(SolutionConfigurationPlatforms) = preSolution
		Debug|Any CPU = Debug|Any CPU
		Release|Any CPU = Release|Any CPU
	EndGlobalSection
	GlobalSection(ProjectConfigurationPlatforms) = postSolution
		{A97D7331-8DE5-4614-AA3B-F94906C21B96}.Debug|Any CPU.ActiveCfg = Debug|Any CPU
		{A97D7331-8DE5-4614-AA3B-F94906C21B96}.Debug|Any CPU.Build.0 = Debug|Any CPU
		{A97D7331-8DE5-4614-AA3B-F94906C21B96}.Release|Any CPU.ActiveCfg = Release|Any CPU
		{A97D7331-8DE5-4614-AA3B-F94906C21B96}.Release|Any CPU.Build.0 = Release|Any CPU
		{44CF8501-E10C-477A-BBEA-57060BE7D4D2}.Debug|Any CPU.ActiveCfg = Debug|Any CPU
		{44CF8501-E10C-477A-BBEA-57060BE7D4D2}.Debug|Any CPU.Build.0 = Debug|Any CPU
		{44CF8501-E10C-477A-BBEA-57060BE7D4D2}.Release|Any CPU.ActiveCfg = Release|Any CPU
		{44CF8501-E10C-477A-BBEA-57060BE7D4D2}.Release|Any CPU.Build.0 = Release|Any CPU
		{CD2E83E7-040C-48F4-8287-750BF4AB672C}.Debug|Any CPU.ActiveCfg = Debug|Any CPU
		{CD2E83E7-040C-48F4-8287-750BF4AB672C}.Debug|Any CPU.Build.0 = Debug|Any CPU
		{CD2E83E7-040C-48F4-8287-750BF4AB672C}.Release|Any CPU.ActiveCfg = Release|Any CPU
		{CD2E83E7-040C-48F4-8287-750BF4AB672C}.Release|Any CPU.Build.0 = Release|Any CPU
		{95FEDD5A-26DB-4CAA-9DF4-E79FCBD7C1D4}.Debug|Any CPU.ActiveCfg = Debug|Any CPU
		{95FEDD5A-26DB-4CAA-9DF4-E79FCBD7C1D4}.Debug|Any CPU.Build.0 = Debug|Any CPU
		{95FEDD5A-26DB-4CAA-9DF4-E79FCBD7C1D4}.Release|Any CPU.ActiveCfg = Release|Any CPU
		{95FEDD5A-26DB-4CAA-9DF4-E79FCBD7C1D4}.Release|Any CPU.Build.0 = Release|Any CPU
		{E4E9B116-C73F-4E36-8693-E1E55AC31036}.Debug|Any CPU.ActiveCfg = Debug|Any CPU
		{E4E9B116-C73F-4E36-8693-E1E55AC31036}.Debug|Any CPU.Build.0 = Debug|Any CPU
		{E4E9B116-C73F-4E36-8693-E1E55AC31036}.Release|Any CPU.ActiveCfg = Release|Any CPU
		{E4E9B116-C73F-4E36-8693-E1E55AC31036}.Release|Any CPU.Build.0 = Release|Any CPU
		{21B40DD0-A792-4FB6-B813-D8283C2F3311}.Debug|Any CPU.ActiveCfg = Debug|Any CPU
		{21B40DD0-A792-4FB6-B813-D8283C2F3311}.Debug|Any CPU.Build.0 = Debug|Any CPU
		{21B40DD0-A792-4FB6-B813-D8283C2F3311}.Release|Any CPU.ActiveCfg = Release|Any CPU
		{21B40DD0-A792-4FB6-B813-D8283C2F3311}.Release|Any CPU.Build.0 = Release|Any CPU
		{2CD10172-0764-C3D9-C29F-AD5757366643}.Debug|Any CPU.ActiveCfg = Debug|Any CPU
		{2CD10172-0764-C3D9-C29F-AD5757366643}.Debug|Any CPU.Build.0 = Debug|Any CPU
		{2CD10172-0764-C3D9-C29F-AD5757366643}.Release|Any CPU.ActiveCfg = Release|Any CPU
		{2CD10172-0764-C3D9-C29F-AD5757366643}.Release|Any CPU.Build.0 = Release|Any CPU
		{637818B9-B651-4013-86CE-4B8D38B58BA7}.Debug|Any CPU.ActiveCfg = Debug|Any CPU
		{637818B9-B651-4013-86CE-4B8D38B58BA7}.Debug|Any CPU.Build.0 = Debug|Any CPU
		{637818B9-B651-4013-86CE-4B8D38B58BA7}.Release|Any CPU.ActiveCfg = Release|Any CPU
		{637818B9-B651-4013-86CE-4B8D38B58BA7}.Release|Any CPU.Build.0 = Release|Any CPU
		{CB482F6B-3BD7-2BB6-177B-9639FA314CDB}.Debug|Any CPU.ActiveCfg = Debug|Any CPU
		{CB482F6B-3BD7-2BB6-177B-9639FA314CDB}.Debug|Any CPU.Build.0 = Debug|Any CPU
		{CB482F6B-3BD7-2BB6-177B-9639FA314CDB}.Release|Any CPU.ActiveCfg = Release|Any CPU
		{CB482F6B-3BD7-2BB6-177B-9639FA314CDB}.Release|Any CPU.Build.0 = Release|Any CPU
		{9B7EC909-BB00-41EA-A29D-6180C1F3DA30}.Debug|Any CPU.ActiveCfg = Debug|Any CPU
		{9B7EC909-BB00-41EA-A29D-6180C1F3DA30}.Debug|Any CPU.Build.0 = Debug|Any CPU
		{9B7EC909-BB00-41EA-A29D-6180C1F3DA30}.Release|Any CPU.ActiveCfg = Release|Any CPU
		{9B7EC909-BB00-41EA-A29D-6180C1F3DA30}.Release|Any CPU.Build.0 = Release|Any CPU
		{3C5AEC88-BF21-2443-D8BB-73A4B947C18B}.Debug|Any CPU.ActiveCfg = Debug|Any CPU
		{3C5AEC88-BF21-2443-D8BB-73A4B947C18B}.Debug|Any CPU.Build.0 = Debug|Any CPU
		{3C5AEC88-BF21-2443-D8BB-73A4B947C18B}.Release|Any CPU.ActiveCfg = Release|Any CPU
		{3C5AEC88-BF21-2443-D8BB-73A4B947C18B}.Release|Any CPU.Build.0 = Release|Any CPU
	EndGlobalSection
	GlobalSection(SolutionProperties) = preSolution
		HideSolutionNode = FALSE
	EndGlobalSection
	GlobalSection(NestedProjects) = preSolution
		{A97D7331-8DE5-4614-AA3B-F94906C21B96} = {8953C2AA-3E87-4C05-B56E-EE71032AE30A}
		{44CF8501-E10C-477A-BBEA-57060BE7D4D2} = {8953C2AA-3E87-4C05-B56E-EE71032AE30A}
		{CD2E83E7-040C-48F4-8287-750BF4AB672C} = {8953C2AA-3E87-4C05-B56E-EE71032AE30A}
		{95FEDD5A-26DB-4CAA-9DF4-E79FCBD7C1D4} = {8953C2AA-3E87-4C05-B56E-EE71032AE30A}
		{E4E9B116-C73F-4E36-8693-E1E55AC31036} = {8953C2AA-3E87-4C05-B56E-EE71032AE30A}
		{21B40DD0-A792-4FB6-B813-D8283C2F3311} = {8953C2AA-3E87-4C05-B56E-EE71032AE30A}
		{2CD10172-0764-C3D9-C29F-AD5757366643} = {0AE3A083-FEF7-4FD0-B229-C51EE60AAFD7}
		{4A031474-87EE-4B45-9AFF-EFCAA2ADCA5F} = {0AE3A083-FEF7-4FD0-B229-C51EE60AAFD7}
		{637818B9-B651-4013-86CE-4B8D38B58BA7} = {4A031474-87EE-4B45-9AFF-EFCAA2ADCA5F}
		{CB482F6B-3BD7-2BB6-177B-9639FA314CDB} = {4A031474-87EE-4B45-9AFF-EFCAA2ADCA5F}
		{8953C2AA-3E87-4C05-B56E-EE71032AE30A} = {0AE3A083-FEF7-4FD0-B229-C51EE60AAFD7}
		{9B7EC909-BB00-41EA-A29D-6180C1F3DA30} = {8953C2AA-3E87-4C05-B56E-EE71032AE30A}
		{3C5AEC88-BF21-2443-D8BB-73A4B947C18B} = {4A031474-87EE-4B45-9AFF-EFCAA2ADCA5F}
	EndGlobalSection
	GlobalSection(ExtensibilityGlobals) = postSolution
		SolutionGuid = {E2A76D85-4D9E-4D8E-94C5-9A86C93129EE}
	EndGlobalSection
EndGlobal
